// !$*UTF8*$!
{
	archiveVersion = 1;
	classes = {
	};
	objectVersion = 50;
	objects = {

/* Begin PBXBuildFile section */
		E1B94B3322C28C2000E2CEAB /* AppDelegate.swift in Sources */ = {isa = PBXBuildFile; fileRef = E1B94B3222C28C2000E2CEAB /* AppDelegate.swift */; };
		E1B94B3522C28C2000E2CEAB /* ViewController.swift in Sources */ = {isa = PBXBuildFile; fileRef = E1B94B3422C28C2000E2CEAB /* ViewController.swift */; };
		E1B94B3822C28C2000E2CEAB /* Main.storyboard in Resources */ = {isa = PBXBuildFile; fileRef = E1B94B3622C28C2000E2CEAB /* Main.storyboard */; };
		E1B94B3A22C28C2100E2CEAB /* Assets.xcassets in Resources */ = {isa = PBXBuildFile; fileRef = E1B94B3922C28C2100E2CEAB /* Assets.xcassets */; };
		E1B94B3D22C28C2100E2CEAB /* LaunchScreen.storyboard in Resources */ = {isa = PBXBuildFile; fileRef = E1B94B3B22C28C2100E2CEAB /* LaunchScreen.storyboard */; };
		E1B94B4622C28D7900E2CEAB /* WalkThroughCollectionViewCell.swift in Sources */ = {isa = PBXBuildFile; fileRef = E1B94B4422C28D7900E2CEAB /* WalkThroughCollectionViewCell.swift */; };
		E1B94B4722C28D7900E2CEAB /* WalkThroughCollectionViewCell.xib in Resources */ = {isa = PBXBuildFile; fileRef = E1B94B4522C28D7900E2CEAB /* WalkThroughCollectionViewCell.xib */; };
		E1B94B4922C2959300E2CEAB /* UPCarouselFlowLayout.swift in Sources */ = {isa = PBXBuildFile; fileRef = E1B94B4822C2959300E2CEAB /* UPCarouselFlowLayout.swift */; };
		E1B94B9522C5430600E2CEAB /* Animal.swift in Sources */ = {isa = PBXBuildFile; fileRef = E1B94B9422C5430600E2CEAB /* Animal.swift */; };
		E1E8EF5322C8D459001C05CE /* lion.wav in Resources */ = {isa = PBXBuildFile; fileRef = E1E8EF4A22C8D458001C05CE /* lion.wav */; };
		E1E8EF5422C8D459001C05CE /* bear.wav in Resources */ = {isa = PBXBuildFile; fileRef = E1E8EF4B22C8D458001C05CE /* bear.wav */; };
		E1E8EF5522C8D459001C05CE /* dog.wav in Resources */ = {isa = PBXBuildFile; fileRef = E1E8EF4C22C8D459001C05CE /* dog.wav */; };
		E1E8EF5622C8D459001C05CE /* cat.wav in Resources */ = {isa = PBXBuildFile; fileRef = E1E8EF4D22C8D459001C05CE /* cat.wav */; };
		E1E8EF5722C8D459001C05CE /* cow.wav in Resources */ = {isa = PBXBuildFile; fileRef = E1E8EF4E22C8D459001C05CE /* cow.wav */; };
		E1E8EF5822C8D459001C05CE /* wolf.wav in Resources */ = {isa = PBXBuildFile; fileRef = E1E8EF4F22C8D459001C05CE /* wolf.wav */; };
		E1E8EF5922C8D459001C05CE /* sheep.wav in Resources */ = {isa = PBXBuildFile; fileRef = E1E8EF5022C8D459001C05CE /* sheep.wav */; };
		E1E8EF5A22C8D459001C05CE /* frog.wav in Resources */ = {isa = PBXBuildFile; fileRef = E1E8EF5122C8D459001C05CE /* frog.wav */; };
		E1E8EF5B22C8D459001C05CE /* pig.wav in Resources */ = {isa = PBXBuildFile; fileRef = E1E8EF5222C8D459001C05CE /* pig.wav */; };
/* End PBXBuildFile section */

/* Begin PBXFileReference section */
		E1B94B2F22C28C2000E2CEAB /* AnimalSounds.app */ = {isa = PBXFileReference; explicitFileType = wrapper.application; includeInIndex = 0; path = AnimalSounds.app; sourceTree = BUILT_PRODUCTS_DIR; };
		E1B94B3222C28C2000E2CEAB /* AppDelegate.swift */ = {isa = PBXFileReference; lastKnownFileType = sourcecode.swift; path = AppDelegate.swift; sourceTree = "<group>"; };
		E1B94B3422C28C2000E2CEAB /* ViewController.swift */ = {isa = PBXFileReference; lastKnownFileType = sourcecode.swift; path = ViewController.swift; sourceTree = "<group>"; };
		E1B94B3722C28C2000E2CEAB /* Base */ = {isa = PBXFileReference; lastKnownFileType = file.storyboard; name = Base; path = Base.lproj/Main.storyboard; sourceTree = "<group>"; };
		E1B94B3922C28C2100E2CEAB /* Assets.xcassets */ = {isa = PBXFileReference; lastKnownFileType = folder.assetcatalog; path = Assets.xcassets; sourceTree = "<group>"; };
		E1B94B3C22C28C2100E2CEAB /* Base */ = {isa = PBXFileReference; lastKnownFileType = file.storyboard; name = Base; path = Base.lproj/LaunchScreen.storyboard; sourceTree = "<group>"; };
		E1B94B3E22C28C2100E2CEAB /* Info.plist */ = {isa = PBXFileReference; lastKnownFileType = text.plist.xml; path = Info.plist; sourceTree = "<group>"; };
		E1B94B4422C28D7900E2CEAB /* WalkThroughCollectionViewCell.swift */ = {isa = PBXFileReference; lastKnownFileType = sourcecode.swift; path = WalkThroughCollectionViewCell.swift; sourceTree = "<group>"; };
		E1B94B4522C28D7900E2CEAB /* WalkThroughCollectionViewCell.xib */ = {isa = PBXFileReference; lastKnownFileType = file.xib; path = WalkThroughCollectionViewCell.xib; sourceTree = "<group>"; };
		E1B94B4822C2959300E2CEAB /* UPCarouselFlowLayout.swift */ = {isa = PBXFileReference; fileEncoding = 4; lastKnownFileType = sourcecode.swift; name = UPCarouselFlowLayout.swift; path = "../../../Downloads/UPCarouselFlowLayout-master/UPCarouselFlowLayout/UPCarouselFlowLayout.swift"; sourceTree = "<group>"; };
		E1B94B9422C5430600E2CEAB /* Animal.swift */ = {isa = PBXFileReference; lastKnownFileType = sourcecode.swift; path = Animal.swift; sourceTree = "<group>"; };
		E1E8EF4A22C8D458001C05CE /* lion.wav */ = {isa = PBXFileReference; lastKnownFileType = audio.wav; name = lion.wav; path = "../../../Downloads/sounds copy/lion.wav"; sourceTree = "<group>"; };
		E1E8EF4B22C8D458001C05CE /* bear.wav */ = {isa = PBXFileReference; lastKnownFileType = audio.wav; name = bear.wav; path = "../../../Downloads/sounds copy/bear.wav"; sourceTree = "<group>"; };
		E1E8EF4C22C8D459001C05CE /* dog.wav */ = {isa = PBXFileReference; lastKnownFileType = audio.wav; name = dog.wav; path = "../../../Downloads/sounds copy/dog.wav"; sourceTree = "<group>"; };
		E1E8EF4D22C8D459001C05CE /* cat.wav */ = {isa = PBXFileReference; lastKnownFileType = audio.wav; name = cat.wav; path = "../../../Downloads/sounds copy/cat.wav"; sourceTree = "<group>"; };
		E1E8EF4E22C8D459001C05CE /* cow.wav */ = {isa = PBXFileReference; lastKnownFileType = audio.wav; name = cow.wav; path = "../../../Downloads/sounds copy/cow.wav"; sourceTree = "<group>"; };
		E1E8EF4F22C8D459001C05CE /* wolf.wav */ = {isa = PBXFileReference; lastKnownFileType = audio.wav; name = wolf.wav; path = "../../../Downloads/sounds copy/wolf.wav"; sourceTree = "<group>"; };
		E1E8EF5022C8D459001C05CE /* sheep.wav */ = {isa = PBXFileReference; lastKnownFileType = audio.wav; name = sheep.wav; path = "../../../Downloads/sounds copy/sheep.wav"; sourceTree = "<group>"; };
		E1E8EF5122C8D459001C05CE /* frog.wav */ = {isa = PBXFileReference; lastKnownFileType = audio.wav; name = frog.wav; path = "../../../Downloads/sounds copy/frog.wav"; sourceTree = "<group>"; };
		E1E8EF5222C8D459001C05CE /* pig.wav */ = {isa = PBXFileReference; lastKnownFileType = audio.wav; name = pig.wav; path = "../../../Downloads/sounds copy/pig.wav"; sourceTree = "<group>"; };
/* End PBXFileReference section */

/* Begin PBXFrameworksBuildPhase section */
		E1B94B2C22C28C2000E2CEAB /* Frameworks */ = {
			isa = PBXFrameworksBuildPhase;
			buildActionMask = 2147483647;
			files = (
			);
			runOnlyForDeploymentPostprocessing = 0;
		};
/* End PBXFrameworksBuildPhase section */

/* Begin PBXGroup section */
		E1B94B2622C28C2000E2CEAB = {
			isa = PBXGroup;
			children = (
				E1B94B3122C28C2000E2CEAB /* AnimalSounds */,
				E1B94B3022C28C2000E2CEAB /* Products */,
			);
			sourceTree = "<group>";
		};
		E1B94B3022C28C2000E2CEAB /* Products */ = {
			isa = PBXGroup;
			children = (
				E1B94B2F22C28C2000E2CEAB /* AnimalSounds.app */,
			);
			name = Products;
			sourceTree = "<group>";
		};
		E1B94B3122C28C2000E2CEAB /* AnimalSounds */ = {
			isa = PBXGroup;
			children = (
				E1B94B4822C2959300E2CEAB /* UPCarouselFlowLayout.swift */,
				E1B94B3222C28C2000E2CEAB /* AppDelegate.swift */,
				E1B94B3422C28C2000E2CEAB /* ViewController.swift */,
				E1B94B4422C28D7900E2CEAB /* WalkThroughCollectionViewCell.swift */,
				E1B94B4522C28D7900E2CEAB /* WalkThroughCollectionViewCell.xib */,
				E1B94B3622C28C2000E2CEAB /* Main.storyboard */,
				E1B94B3922C28C2100E2CEAB /* Assets.xcassets */,
				E1E8EF4B22C8D458001C05CE /* bear.wav */,
				E1E8EF4D22C8D459001C05CE /* cat.wav */,
				E1E8EF4E22C8D459001C05CE /* cow.wav */,
				E1E8EF4C22C8D459001C05CE /* dog.wav */,
				E1E8EF5122C8D459001C05CE /* frog.wav */,
				E1E8EF4A22C8D458001C05CE /* lion.wav */,
				E1E8EF5222C8D459001C05CE /* pig.wav */,
				E1E8EF5022C8D459001C05CE /* sheep.wav */,
				E1E8EF4F22C8D459001C05CE /* wolf.wav */,
				E1B94B3B22C28C2100E2CEAB /* LaunchScreen.storyboard */,
				E1B94B3E22C28C2100E2CEAB /* Info.plist */,
				E1B94B9422C5430600E2CEAB /* Animal.swift */,
			);
			path = AnimalSounds;
			sourceTree = "<group>";
		};
/* End PBXGroup section */

/* Begin PBXNativeTarget section */
		E1B94B2E22C28C2000E2CEAB /* AnimalSounds */ = {
			isa = PBXNativeTarget;
			buildConfigurationList = E1B94B4122C28C2100E2CEAB /* Build configuration list for PBXNativeTarget "AnimalSounds" */;
			buildPhases = (
				E1B94B2B22C28C2000E2CEAB /* Sources */,
				E1B94B2C22C28C2000E2CEAB /* Frameworks */,
				E1B94B2D22C28C2000E2CEAB /* Resources */,
			);
			buildRules = (
			);
			dependencies = (
			);
			name = AnimalSounds;
			productName = AnimalSounds;
			productReference = E1B94B2F22C28C2000E2CEAB /* AnimalSounds.app */;
			productType = "com.apple.product-type.application";
		};
/* End PBXNativeTarget section */

/* Begin PBXProject section */
		E1B94B2722C28C2000E2CEAB /* Project object */ = {
			isa = PBXProject;
			attributes = {
				LastSwiftUpdateCheck = 1020;
				LastUpgradeCheck = 1020;
				ORGANIZATIONNAME = "Natalia Muryn";
				TargetAttributes = {
					E1B94B2E22C28C2000E2CEAB = {
						CreatedOnToolsVersion = 10.2.1;
					};
				};
			};
			buildConfigurationList = E1B94B2A22C28C2000E2CEAB /* Build configuration list for PBXProject "AnimalSounds" */;
			compatibilityVersion = "Xcode 9.3";
			developmentRegion = en;
			hasScannedForEncodings = 0;
			knownRegions = (
				en,
				Base,
			);
			mainGroup = E1B94B2622C28C2000E2CEAB;
			productRefGroup = E1B94B3022C28C2000E2CEAB /* Products */;
			projectDirPath = "";
			projectRoot = "";
			targets = (
				E1B94B2E22C28C2000E2CEAB /* AnimalSounds */,
			);
		};
/* End PBXProject section */

/* Begin PBXResourcesBuildPhase section */
		E1B94B2D22C28C2000E2CEAB /* Resources */ = {
			isa = PBXResourcesBuildPhase;
			buildActionMask = 2147483647;
			files = (
				E1E8EF5822C8D459001C05CE /* wolf.wav in Resources */,
				E1E8EF5722C8D459001C05CE /* cow.wav in Resources */,
				E1E8EF5422C8D459001C05CE /* bear.wav in Resources */,
				E1E8EF5322C8D459001C05CE /* lion.wav in Resources */,
				E1B94B3D22C28C2100E2CEAB /* LaunchScreen.storyboard in Resources */,
				E1E8EF5922C8D459001C05CE /* sheep.wav in Resources */,
				E1E8EF5A22C8D459001C05CE /* frog.wav in Resources */,
				E1E8EF5B22C8D459001C05CE /* pig.wav in Resources */,
				E1E8EF5622C8D459001C05CE /* cat.wav in Resources */,
				E1B94B3A22C28C2100E2CEAB /* Assets.xcassets in Resources */,
				E1E8EF5522C8D459001C05CE /* dog.wav in Resources */,
				E1B94B3822C28C2000E2CEAB /* Main.storyboard in Resources */,
				E1B94B4722C28D7900E2CEAB /* WalkThroughCollectionViewCell.xib in Resources */,
			);
			runOnlyForDeploymentPostprocessing = 0;
		};
/* End PBXResourcesBuildPhase section */

/* Begin PBXSourcesBuildPhase section */
		E1B94B2B22C28C2000E2CEAB /* Sources */ = {
			isa = PBXSourcesBuildPhase;
			buildActionMask = 2147483647;
			files = (
				E1B94B4622C28D7900E2CEAB /* WalkThroughCollectionViewCell.swift in Sources */,
				E1B94B3522C28C2000E2CEAB /* ViewController.swift in Sources */,
				E1B94B4922C2959300E2CEAB /* UPCarouselFlowLayout.swift in Sources */,
				E1B94B3322C28C2000E2CEAB /* AppDelegate.swift in Sources */,
				E1B94B9522C5430600E2CEAB /* Animal.swift in Sources */,
			);
			runOnlyForDeploymentPostprocessing = 0;
		};
/* End PBXSourcesBuildPhase section */

/* Begin PBXVariantGroup section */
		E1B94B3622C28C2000E2CEAB /* Main.storyboard */ = {
			isa = PBXVariantGroup;
			children = (
				E1B94B3722C28C2000E2CEAB /* Base */,
			);
			name = Main.storyboard;
			sourceTree = "<group>";
		};
		E1B94B3B22C28C2100E2CEAB /* LaunchScreen.storyboard */ = {
			isa = PBXVariantGroup;
			children = (
				E1B94B3C22C28C2100E2CEAB /* Base */,
			);
			name = LaunchScreen.storyboard;
			sourceTree = "<group>";
		};
/* End PBXVariantGroup section */

/* Begin XCBuildConfiguration section */
		E1B94B3F22C28C2100E2CEAB /* Debug */ = {
			isa = XCBuildConfiguration;
			buildSettings = {
				ALWAYS_SEARCH_USER_PATHS = NO;
				CLANG_ANALYZER_NONNULL = YES;
				CLANG_ANALYZER_NUMBER_OBJECT_CONVERSION = YES_AGGRESSIVE;
				CLANG_CXX_LANGUAGE_STANDARD = "gnu++14";
				CLANG_CXX_LIBRARY = "libc++";
				CLANG_ENABLE_MODULES = YES;
				CLANG_ENABLE_OBJC_ARC = YES;
				CLANG_ENABLE_OBJC_WEAK = YES;
				CLANG_WARN_BLOCK_CAPTURE_AUTORELEASING = YES;
				CLANG_WARN_BOOL_CONVERSION = YES;
				CLANG_WARN_COMMA = YES;
				CLANG_WARN_CONSTANT_CONVERSION = YES;
				CLANG_WARN_DEPRECATED_OBJC_IMPLEMENTATIONS = YES;
				CLANG_WARN_DIRECT_OBJC_ISA_USAGE = YES_ERROR;
				CLANG_WARN_DOCUMENTATION_COMMENTS = YES;
				CLANG_WARN_EMPTY_BODY = YES;
				CLANG_WARN_ENUM_CONVERSION = YES;
				CLANG_WARN_INFINITE_RECURSION = YES;
				CLANG_WARN_INT_CONVERSION = YES;
				CLANG_WARN_NON_LITERAL_NULL_CONVERSION = YES;
				CLANG_WARN_OBJC_IMPLICIT_RETAIN_SELF = YES;
				CLANG_WARN_OBJC_LITERAL_CONVERSION = YES;
				CLANG_WARN_OBJC_ROOT_CLASS = YES_ERROR;
				CLANG_WARN_RANGE_LOOP_ANALYSIS = YES;
				CLANG_WARN_STRICT_PROTOTYPES = YES;
				CLANG_WARN_SUSPICIOUS_MOVE = YES;
				CLANG_WARN_UNGUARDED_AVAILABILITY = YES_AGGRESSIVE;
				CLANG_WARN_UNREACHABLE_CODE = YES;
				CLANG_WARN__DUPLICATE_METHOD_MATCH = YES;
				CODE_SIGN_IDENTITY = "iPhone Developer";
				COPY_PHASE_STRIP = NO;
				DEBUG_INFORMATION_FORMAT = dwarf;
				ENABLE_STRICT_OBJC_MSGSEND = YES;
				ENABLE_TESTABILITY = YES;
				GCC_C_LANGUAGE_STANDARD = gnu11;
				GCC_DYNAMIC_NO_PIC = NO;
				GCC_NO_COMMON_BLOCKS = YES;
				GCC_OPTIMIZATION_LEVEL = 0;
				GCC_PREPROCESSOR_DEFINITIONS = (
					"DEBUG=1",
					"$(inherited)",
				);
				GCC_WARN_64_TO_32_BIT_CONVERSION = YES;
				GCC_WARN_ABOUT_RETURN_TYPE = YES_ERROR;
				GCC_WARN_UNDECLARED_SELECTOR = YES;
				GCC_WARN_UNINITIALIZED_AUTOS = YES_AGGRESSIVE;
				GCC_WARN_UNUSED_FUNCTION = YES;
				GCC_WARN_UNUSED_VARIABLE = YES;
				IPHONEOS_DEPLOYMENT_TARGET = 12.2;
				MTL_ENABLE_DEBUG_INFO = INCLUDE_SOURCE;
				MTL_FAST_MATH = YES;
				ONLY_ACTIVE_ARCH = YES;
				SDKROOT = iphoneos;
				SWIFT_ACTIVE_COMPILATION_CONDITIONS = DEBUG;
				SWIFT_OPTIMIZATION_LEVEL = "-Onone";
			};
			name = Debug;
		};
		E1B94B4022C28C2100E2CEAB /* Release */ = {
			isa = XCBuildConfiguration;
			buildSettings = {
				ALWAYS_SEARCH_USER_PATHS = NO;
				CLANG_ANALYZER_NONNULL = YES;
				CLANG_ANALYZER_NUMBER_OBJECT_CONVERSION = YES_AGGRESSIVE;
				CLANG_CXX_LANGUAGE_STANDARD = "gnu++14";
				CLANG_CXX_LIBRARY = "libc++";
				CLANG_ENABLE_MODULES = YES;
				CLANG_ENABLE_OBJC_ARC = YES;
				CLANG_ENABLE_OBJC_WEAK = YES;
				CLANG_WARN_BLOCK_CAPTURE_AUTORELEASING = YES;
				CLANG_WARN_BOOL_CONVERSION = YES;
				CLANG_WARN_COMMA = YES;
				CLANG_WARN_CONSTANT_CONVERSION = YES;
				CLANG_WARN_DEPRECATED_OBJC_IMPLEMENTATIONS = YES;
				CLANG_WARN_DIRECT_OBJC_ISA_USAGE = YES_ERROR;
				CLANG_WARN_DOCUMENTATION_COMMENTS = YES;
				CLANG_WARN_EMPTY_BODY = YES;
				CLANG_WARN_ENUM_CONVERSION = YES;
				CLANG_WARN_INFINITE_RECURSION = YES;
				CLANG_WARN_INT_CONVERSION = YES;
				CLANG_WARN_NON_LITERAL_NULL_CONVERSION = YES;
				CLANG_WARN_OBJC_IMPLICIT_RETAIN_SELF = YES;
				CLANG_WARN_OBJC_LITERAL_CONVERSION = YES;
				CLANG_WARN_OBJC_ROOT_CLASS = YES_ERROR;
				CLANG_WARN_RANGE_LOOP_ANALYSIS = YES;
				CLANG_WARN_STRICT_PROTOTYPES = YES;
				CLANG_WARN_SUSPICIOUS_MOVE = YES;
				CLANG_WARN_UNGUARDED_AVAILABILITY = YES_AGGRESSIVE;
				CLANG_WARN_UNREACHABLE_CODE = YES;
				CLANG_WARN__DUPLICATE_METHOD_MATCH = YES;
				CODE_SIGN_IDENTITY = "iPhone Developer";
				COPY_PHASE_STRIP = NO;
				DEBUG_INFORMATION_FORMAT = "dwarf-with-dsym";
				ENABLE_NS_ASSERTIONS = NO;
				ENABLE_STRICT_OBJC_MSGSEND = YES;
				GCC_C_LANGUAGE_STANDARD = gnu11;
				GCC_NO_COMMON_BLOCKS = YES;
				GCC_WARN_64_TO_32_BIT_CONVERSION = YES;
				GCC_WARN_ABOUT_RETURN_TYPE = YES_ERROR;
				GCC_WARN_UNDECLARED_SELECTOR = YES;
				GCC_WARN_UNINITIALIZED_AUTOS = YES_AGGRESSIVE;
				GCC_WARN_UNUSED_FUNCTION = YES;
				GCC_WARN_UNUSED_VARIABLE = YES;
				IPHONEOS_DEPLOYMENT_TARGET = 12.2;
				MTL_ENABLE_DEBUG_INFO = NO;
				MTL_FAST_MATH = YES;
				SDKROOT = iphoneos;
				SWIFT_COMPILATION_MODE = wholemodule;
				SWIFT_OPTIMIZATION_LEVEL = "-O";
				VALIDATE_PRODUCT = YES;
			};
			name = Release;
		};
		E1B94B4222C28C2100E2CEAB /* Debug */ = {
			isa = XCBuildConfiguration;
			buildSettings = {
				ASSETCATALOG_COMPILER_APPICON_NAME = AppIcon;
				CODE_SIGN_STYLE = Automatic;
				DEVELOPMENT_TEAM = RF4ZUP9Q56;
				INFOPLIST_FILE = AnimalSounds/Info.plist;
				LD_RUNPATH_SEARCH_PATHS = (
					"$(inherited)",
					"@executable_path/Frameworks",
				);
				PRODUCT_BUNDLE_IDENTIFIER = com.nataliamuryn.AnimalSounds.AnimalSounds;
				PRODUCT_NAME = "$(TARGET_NAME)";
				SWIFT_VERSION = 5.0;
				TARGETED_DEVICE_FAMILY = "1,2";
			};
			name = Debug;
		};
		E1B94B4322C28C2100E2CEAB /* Release */ = {
			isa = XCBuildConfiguration;
			buildSettings = {
				ASSETCATALOG_COMPILER_APPICON_NAME = AppIcon;
				CODE_SIGN_STYLE = Automatic;
				DEVELOPMENT_TEAM = RF4ZUP9Q56;
				INFOPLIST_FILE = AnimalSounds/Info.plist;
				LD_RUNPATH_SEARCH_PATHS = (
					"$(inherited)",
					"@executable_path/Frameworks",
				);
				PRODUCT_BUNDLE_IDENTIFIER = com.nataliamuryn.AnimalSounds.AnimalSounds;
				PRODUCT_NAME = "$(TARGET_NAME)";
				SWIFT_VERSION = 5.0;
				TARGETED_DEVICE_FAMILY = "1,2";
			};
			name = Release;
		};
/* End XCBuildConfiguration section */

/* Begin XCConfigurationList section */
		E1B94B2A22C28C2000E2CEAB /* Build configuration list for PBXProject "AnimalSounds" */ = {
			isa = XCConfigurationList;
			buildConfigurations = (
				E1B94B3F22C28C2100E2CEAB /* Debug */,
				E1B94B4022C28C2100E2CEAB /* Release */,
			);
			defaultConfigurationIsVisible = 0;
			defaultConfigurationName = Release;
		};
		E1B94B4122C28C2100E2CEAB /* Build configuration list for PBXNativeTarget "AnimalSounds" */ = {
			isa = XCConfigurationList;
			buildConfigurations = (
				E1B94B4222C28C2100E2CEAB /* Debug */,
				E1B94B4322C28C2100E2CEAB /* Release */,
			);
			defaultConfigurationIsVisible = 0;
			defaultConfigurationName = Release;
		};
/* End XCConfigurationList section */
	};
	rootObject = E1B94B2722C28C2000E2CEAB /* Project object */;
}
